PODS:
  - SectionKit2 (2.0.25)
  - SectionUI (2.0.25):
    - SectionKit2 (>= 2.0.25)

DEPENDENCIES:
  - SectionKit2 (from `../SectionKit2.podspec`)
  - SectionUI (from `../SectionUI.podspec`)

EXTERNAL SOURCES:
  SectionKit2:
    :path: "../SectionKit2.podspec"
  SectionUI:
    :path: "../SectionUI.podspec"

SPEC CHECKSUMS:
  SectionKit2: 7cb118a445b77ce76a1aeba2c30444a2a5195309
  SectionUI: d1b5b6abd8346eca8665e13911556b04544c599d

PODFILE CHECKSUM: def6316c40ed29d88472f05b5508c79c232c1fcd

COCOAPODS: 1.12.0
