PODS:
  - SectionKit2 (2.0.8)
  - SectionUI (2.0.8):
    - SectionKit2 (>= 2.0.6)

DEPENDENCIES:
  - SectionKit2 (= 2.0.8)
  - SectionUI (= 2.0.8)

SPEC REPOS:
  trunk:
    - SectionKit2
    - SectionUI

SPEC CHECKSUMS:
  SectionKit2: 25d60562709c9785d0bfb74b07a6348f488a781b
  SectionUI: f336a8375e0fd9a345dcf7a0778155e11d50c85f

PODFILE CHECKSUM: d852b915919231a7f987ff1cd14e26f70ac5d89c

COCOAPODS: 1.11.3
