// !$*UTF8*$!
{
	archiveVersion = 1;
	classes = {
	};
	objectVersion = 55;
	objects = {

/* Begin PBXBuildFile section */
		94E7A927DF29070D1B13BAF8 /* Pods_Example.framework in Frameworks */ = {isa = PBXBuildFile; fileRef = 5B5BFD08AB287F8F177FD048 /* Pods_Example.framework */; };
		CD0621A128A7FBD200272233 /* Stem in Frameworks */ = {isa = PBXBuildFile; productRef = CD0621A028A7FBD200272233 /* Stem */; };
		CD0621A328A7FBD200272233 /* StemColor in Frameworks */ = {isa = PBXBuildFile; productRef = CD0621A228A7FBD200272233 /* StemColor */; };
		CD0621A528A7FBD200272233 /* StemFilePath in Frameworks */ = {isa = PBXBuildFile; productRef = CD0621A428A7FBD200272233 /* StemFilePath */; };
		CD33B80827DCE3A70032987B /* AppDelegate.swift in Sources */ = {isa = PBXBuildFile; fileRef = CD33B80727DCE3A70032987B /* AppDelegate.swift */; };
		CD33B80A27DCE3A70032987B /* SceneDelegate.swift in Sources */ = {isa = PBXBuildFile; fileRef = CD33B80927DCE3A70032987B /* SceneDelegate.swift */; };
		CD33B80F27DCE3A70032987B /* Main.storyboard in Resources */ = {isa = PBXBuildFile; fileRef = CD33B80D27DCE3A70032987B /* Main.storyboard */; };
		CD33B81427DCE3A80032987B /* LaunchScreen.storyboard in Resources */ = {isa = PBXBuildFile; fileRef = CD33B81227DCE3A80032987B /* LaunchScreen.storyboard */; };
		CD33B82627DCE6190032987B /* SnapKit in Frameworks */ = {isa = PBXBuildFile; productRef = CD33B82527DCE6190032987B /* SnapKit */; };
		CD33B82827DCE6640032987B /* HomeController.swift in Sources */ = {isa = PBXBuildFile; fileRef = CD33B82727DCE6640032987B /* HomeController.swift */; };
		CD33B82A27DCEB620032987B /* SingleTypeViewController.swift in Sources */ = {isa = PBXBuildFile; fileRef = CD33B82927DCEB620032987B /* SingleTypeViewController.swift */; };
		CD33B82C27DCEBB40032987B /* ColorBlockCell.swift in Sources */ = {isa = PBXBuildFile; fileRef = CD33B82B27DCEBB40032987B /* ColorBlockCell.swift */; };
		CD33B83127DD05650032987B /* PrefetchViewController.swift in Sources */ = {isa = PBXBuildFile; fileRef = CD33B83027DD05650032987B /* PrefetchViewController.swift */; };
		CD3ABCC028A7D5CE006BD03D /* RegistrationViewController.swift in Sources */ = {isa = PBXBuildFile; fileRef = CD3ABCBF28A7D5CE006BD03D /* RegistrationViewController.swift */; };
		CD5A7AE9282394AA00337098 /* DecorationViewController.swift in Sources */ = {isa = PBXBuildFile; fileRef = CD5A7AE8282394AA00337098 /* DecorationViewController.swift */; };
		CD5A7AF02823BF1D00337098 /* ReusableView.swift in Sources */ = {isa = PBXBuildFile; fileRef = CD5A7AEF2823BF1D00337098 /* ReusableView.swift */; };
		CD8A33FB27DF2583007846E6 /* MultiSectionViewController.swift in Sources */ = {isa = PBXBuildFile; fileRef = CD8A33FA27DF2583007846E6 /* MultiSectionViewController.swift */; };
		CDA10DEE28B4A90C000698F2 /* Delegate in Frameworks */ = {isa = PBXBuildFile; productRef = CDA10DED28B4A90C000698F2 /* Delegate */; };
		CDC122F428D45AB8003790E3 /* CustomSection.swift in Sources */ = {isa = PBXBuildFile; fileRef = CDC122F328D45AB8003790E3 /* CustomSection.swift */; };
		CDDD973828AD1EA3001942B0 /* StringRawCell.swift in Sources */ = {isa = PBXBuildFile; fileRef = CDDD973728AD1EA3001942B0 /* StringRawCell.swift */; };
		CDDD973A28AD1ED6001942B0 /* StringCell.swift in Sources */ = {isa = PBXBuildFile; fileRef = CDDD973928AD1ED6001942B0 /* StringCell.swift */; };
/* End PBXBuildFile section */

/* Begin PBXFileReference section */
		3F561E92DD0E01D327B078F2 /* Pods-Example.debug.xcconfig */ = {isa = PBXFileReference; includeInIndex = 1; lastKnownFileType = text.xcconfig; name = "Pods-Example.debug.xcconfig"; path = "Target Support Files/Pods-Example/Pods-Example.debug.xcconfig"; sourceTree = "<group>"; };
		5B5BFD08AB287F8F177FD048 /* Pods_Example.framework */ = {isa = PBXFileReference; explicitFileType = wrapper.framework; includeInIndex = 0; path = Pods_Example.framework; sourceTree = BUILT_PRODUCTS_DIR; };
		B03892433E03BCE14B3E6233 /* Pods-Example.release.xcconfig */ = {isa = PBXFileReference; includeInIndex = 1; lastKnownFileType = text.xcconfig; name = "Pods-Example.release.xcconfig"; path = "Target Support Files/Pods-Example/Pods-Example.release.xcconfig"; sourceTree = "<group>"; };
		CD33B80427DCE3A70032987B /* Example.app */ = {isa = PBXFileReference; explicitFileType = wrapper.application; includeInIndex = 0; path = Example.app; sourceTree = BUILT_PRODUCTS_DIR; };
		CD33B80727DCE3A70032987B /* AppDelegate.swift */ = {isa = PBXFileReference; lastKnownFileType = sourcecode.swift; path = AppDelegate.swift; sourceTree = "<group>"; };
		CD33B80927DCE3A70032987B /* SceneDelegate.swift */ = {isa = PBXFileReference; lastKnownFileType = sourcecode.swift; path = SceneDelegate.swift; sourceTree = "<group>"; };
		CD33B80E27DCE3A70032987B /* Base */ = {isa = PBXFileReference; lastKnownFileType = file.storyboard; name = Base; path = Base.lproj/Main.storyboard; sourceTree = "<group>"; };
		CD33B81327DCE3A80032987B /* Base */ = {isa = PBXFileReference; lastKnownFileType = file.storyboard; name = Base; path = Base.lproj/LaunchScreen.storyboard; sourceTree = "<group>"; };
		CD33B81527DCE3A80032987B /* Info.plist */ = {isa = PBXFileReference; lastKnownFileType = text.plist.xml; path = Info.plist; sourceTree = "<group>"; };
		CD33B81C27DCE3B70032987B /* SectionKit */ = {isa = PBXFileReference; lastKnownFileType = wrapper; name = SectionKit; path = ..; sourceTree = "<group>"; };
		CD33B82727DCE6640032987B /* HomeController.swift */ = {isa = PBXFileReference; fileEncoding = 4; lastKnownFileType = sourcecode.swift; path = HomeController.swift; sourceTree = "<group>"; };
		CD33B82927DCEB620032987B /* SingleTypeViewController.swift */ = {isa = PBXFileReference; lastKnownFileType = sourcecode.swift; path = SingleTypeViewController.swift; sourceTree = "<group>"; };
		CD33B82B27DCEBB40032987B /* ColorBlockCell.swift */ = {isa = PBXFileReference; lastKnownFileType = sourcecode.swift; path = ColorBlockCell.swift; sourceTree = "<group>"; };
		CD33B83027DD05650032987B /* PrefetchViewController.swift */ = {isa = PBXFileReference; lastKnownFileType = sourcecode.swift; path = PrefetchViewController.swift; sourceTree = "<group>"; };
		CD3ABCBF28A7D5CE006BD03D /* RegistrationViewController.swift */ = {isa = PBXFileReference; fileEncoding = 4; lastKnownFileType = sourcecode.swift; path = RegistrationViewController.swift; sourceTree = "<group>"; };
		CD5A7AE8282394AA00337098 /* DecorationViewController.swift */ = {isa = PBXFileReference; lastKnownFileType = sourcecode.swift; path = DecorationViewController.swift; sourceTree = "<group>"; };
		CD5A7AEF2823BF1D00337098 /* ReusableView.swift */ = {isa = PBXFileReference; lastKnownFileType = sourcecode.swift; path = ReusableView.swift; sourceTree = "<group>"; };
		CD8A33FA27DF2583007846E6 /* MultiSectionViewController.swift */ = {isa = PBXFileReference; lastKnownFileType = sourcecode.swift; path = MultiSectionViewController.swift; sourceTree = "<group>"; };
		CDC122F328D45AB8003790E3 /* CustomSection.swift */ = {isa = PBXFileReference; lastKnownFileType = sourcecode.swift; path = CustomSection.swift; sourceTree = "<group>"; };
		CDDD973728AD1EA3001942B0 /* StringRawCell.swift */ = {isa = PBXFileReference; fileEncoding = 4; lastKnownFileType = sourcecode.swift; path = StringRawCell.swift; sourceTree = "<group>"; };
		CDDD973928AD1ED6001942B0 /* StringCell.swift */ = {isa = PBXFileReference; lastKnownFileType = sourcecode.swift; path = StringCell.swift; sourceTree = "<group>"; };
/* End PBXFileReference section */

/* Begin PBXFrameworksBuildPhase section */
		CD33B80127DCE3A70032987B /* Frameworks */ = {
			isa = PBXFrameworksBuildPhase;
			buildActionMask = 2147483647;
			files = (
				CD0621A328A7FBD200272233 /* StemColor in Frameworks */,
				CD0621A128A7FBD200272233 /* Stem in Frameworks */,
				CD0621A528A7FBD200272233 /* StemFilePath in Frameworks */,
				CD33B82627DCE6190032987B /* SnapKit in Frameworks */,
				CDA10DEE28B4A90C000698F2 /* Delegate in Frameworks */,
				94E7A927DF29070D1B13BAF8 /* Pods_Example.framework in Frameworks */,
			);
			runOnlyForDeploymentPostprocessing = 0;
		};
/* End PBXFrameworksBuildPhase section */

/* Begin PBXGroup section */
		02182783C956AFB21FE7AAF3 /* Frameworks */ = {
			isa = PBXGroup;
			children = (
				5B5BFD08AB287F8F177FD048 /* Pods_Example.framework */,
			);
			name = Frameworks;
			sourceTree = "<group>";
		};
		ADCB0DA995BFD1E609F69019 /* Pods */ = {
			isa = PBXGroup;
			children = (
				3F561E92DD0E01D327B078F2 /* Pods-Example.debug.xcconfig */,
				B03892433E03BCE14B3E6233 /* Pods-Example.release.xcconfig */,
			);
			path = Pods;
			sourceTree = "<group>";
		};
		CD33B7FB27DCE3A70032987B = {
			isa = PBXGroup;
			children = (
				CD33B81B27DCE3B70032987B /* Packages */,
				CD33B80627DCE3A70032987B /* Example */,
				CD33B80527DCE3A70032987B /* Products */,
				ADCB0DA995BFD1E609F69019 /* Pods */,
				02182783C956AFB21FE7AAF3 /* Frameworks */,
			);
			sourceTree = "<group>";
		};
		CD33B80527DCE3A70032987B /* Products */ = {
			isa = PBXGroup;
			children = (
				CD33B80427DCE3A70032987B /* Example.app */,
			);
			name = Products;
			sourceTree = "<group>";
		};
		CD33B80627DCE3A70032987B /* Example */ = {
			isa = PBXGroup;
			children = (
				CD33B82027DCE40A0032987B /* Home */,
				CD33B80727DCE3A70032987B /* AppDelegate.swift */,
				CD33B80927DCE3A70032987B /* SceneDelegate.swift */,
				CD33B80D27DCE3A70032987B /* Main.storyboard */,
				CD33B81227DCE3A80032987B /* LaunchScreen.storyboard */,
				CD33B81527DCE3A80032987B /* Info.plist */,
			);
			path = Example;
			sourceTree = "<group>";
		};
		CD33B81B27DCE3B70032987B /* Packages */ = {
			isa = PBXGroup;
			children = (
				CD33B81C27DCE3B70032987B /* SectionKit */,
			);
			name = Packages;
			sourceTree = "<group>";
		};
		CD33B82027DCE40A0032987B /* Home */ = {
			isa = PBXGroup;
			children = (
				CDC122F328D45AB8003790E3 /* CustomSection.swift */,
				CDDD973628AD1D9E001942B0 /* Cells */,
				CD33B82727DCE6640032987B /* HomeController.swift */,
				CD5A7AE8282394AA00337098 /* DecorationViewController.swift */,
				CD33B82927DCEB620032987B /* SingleTypeViewController.swift */,
				CD3ABCBF28A7D5CE006BD03D /* RegistrationViewController.swift */,
				CD8A33FA27DF2583007846E6 /* MultiSectionViewController.swift */,
				CD33B83027DD05650032987B /* PrefetchViewController.swift */,
			);
			path = Home;
			sourceTree = "<group>";
		};
		CDDD973628AD1D9E001942B0 /* Cells */ = {
			isa = PBXGroup;
			children = (
				CD5A7AEF2823BF1D00337098 /* ReusableView.swift */,
				CDDD973728AD1EA3001942B0 /* StringRawCell.swift */,
				CDDD973928AD1ED6001942B0 /* StringCell.swift */,
				CD33B82B27DCEBB40032987B /* ColorBlockCell.swift */,
			);
			path = Cells;
			sourceTree = "<group>";
		};
/* End PBXGroup section */

/* Begin PBXNativeTarget section */
		CD33B80327DCE3A70032987B /* Example */ = {
			isa = PBXNativeTarget;
			buildConfigurationList = CD33B81827DCE3A80032987B /* Build configuration list for PBXNativeTarget "Example" */;
			buildPhases = (
				6B47FDFAF92B41148D061797 /* [CP] Check Pods Manifest.lock */,
				CD33B80027DCE3A70032987B /* Sources */,
				CD33B80127DCE3A70032987B /* Frameworks */,
				CD33B80227DCE3A70032987B /* Resources */,
				38123F9B233F1A22097FBB51 /* [CP] Embed Pods Frameworks */,
			);
			buildRules = (
			);
			dependencies = (
			);
			name = Example;
			packageProductDependencies = (
				CD33B82527DCE6190032987B /* SnapKit */,
				CD0621A028A7FBD200272233 /* Stem */,
				CD0621A228A7FBD200272233 /* StemColor */,
				CD0621A428A7FBD200272233 /* StemFilePath */,
				CDA10DED28B4A90C000698F2 /* Delegate */,
			);
			productName = Example;
			productReference = CD33B80427DCE3A70032987B /* Example.app */;
			productType = "com.apple.product-type.application";
		};
/* End PBXNativeTarget section */

/* Begin PBXProject section */
		CD33B7FC27DCE3A70032987B /* Project object */ = {
			isa = PBXProject;
			attributes = {
				BuildIndependentTargetsInParallel = 1;
				LastSwiftUpdateCheck = 1330;
				LastUpgradeCheck = 1330;
				TargetAttributes = {
					CD33B80327DCE3A70032987B = {
						CreatedOnToolsVersion = 13.3;
					};
				};
			};
			buildConfigurationList = CD33B7FF27DCE3A70032987B /* Build configuration list for PBXProject "Example" */;
			compatibilityVersion = "Xcode 13.0";
			developmentRegion = en;
			hasScannedForEncodings = 0;
			knownRegions = (
				en,
				Base,
			);
			mainGroup = CD33B7FB27DCE3A70032987B;
			packageReferences = (
				CD33B82427DCE6190032987B /* XCRemoteSwiftPackageReference "SnapKit" */,
				CD06219F28A7FBD200272233 /* XCRemoteSwiftPackageReference "Stem.git" */,
				CDA10DEC28B4A90C000698F2 /* XCRemoteSwiftPackageReference "Delegate" */,
			);
			productRefGroup = CD33B80527DCE3A70032987B /* Products */;
			projectDirPath = "";
			projectRoot = "";
			targets = (
				CD33B80327DCE3A70032987B /* Example */,
			);
		};
/* End PBXProject section */

/* Begin PBXResourcesBuildPhase section */
		CD33B80227DCE3A70032987B /* Resources */ = {
			isa = PBXResourcesBuildPhase;
			buildActionMask = 2147483647;
			files = (
				CD33B81427DCE3A80032987B /* LaunchScreen.storyboard in Resources */,
				CD33B80F27DCE3A70032987B /* Main.storyboard in Resources */,
			);
			runOnlyForDeploymentPostprocessing = 0;
		};
/* End PBXResourcesBuildPhase section */

/* Begin PBXShellScriptBuildPhase section */
		38123F9B233F1A22097FBB51 /* [CP] Embed Pods Frameworks */ = {
			isa = PBXShellScriptBuildPhase;
			buildActionMask = 2147483647;
			files = (
			);
			inputFileListPaths = (
				"${PODS_ROOT}/Target Support Files/Pods-Example/Pods-Example-frameworks-${CONFIGURATION}-input-files.xcfilelist",
			);
			name = "[CP] Embed Pods Frameworks";
			outputFileListPaths = (
				"${PODS_ROOT}/Target Support Files/Pods-Example/Pods-Example-frameworks-${CONFIGURATION}-output-files.xcfilelist",
			);
			runOnlyForDeploymentPostprocessing = 0;
			shellPath = /bin/sh;
			shellScript = "\"${PODS_ROOT}/Target Support Files/Pods-Example/Pods-Example-frameworks.sh\"\n";
			showEnvVarsInLog = 0;
		};
		6B47FDFAF92B41148D061797 /* [CP] Check Pods Manifest.lock */ = {
			isa = PBXShellScriptBuildPhase;
			buildActionMask = 2147483647;
			files = (
			);
			inputFileListPaths = (
			);
			inputPaths = (
				"${PODS_PODFILE_DIR_PATH}/Podfile.lock",
				"${PODS_ROOT}/Manifest.lock",
			);
			name = "[CP] Check Pods Manifest.lock";
			outputFileListPaths = (
			);
			outputPaths = (
				"$(DERIVED_FILE_DIR)/Pods-Example-checkManifestLockResult.txt",
			);
			runOnlyForDeploymentPostprocessing = 0;
			shellPath = /bin/sh;
			shellScript = "diff \"${PODS_PODFILE_DIR_PATH}/Podfile.lock\" \"${PODS_ROOT}/Manifest.lock\" > /dev/null\nif [ $? != 0 ] ; then\n    # print error to STDERR\n    echo \"error: The sandbox is not in sync with the Podfile.lock. Run 'pod install' or update your CocoaPods installation.\" >&2\n    exit 1\nfi\n# This output is used by Xcode 'outputs' to avoid re-running this script phase.\necho \"SUCCESS\" > \"${SCRIPT_OUTPUT_FILE_0}\"\n";
			showEnvVarsInLog = 0;
		};
/* End PBXShellScriptBuildPhase section */

/* Begin PBXSourcesBuildPhase section */
		CD33B80027DCE3A70032987B /* Sources */ = {
			isa = PBXSourcesBuildPhase;
			buildActionMask = 2147483647;
			files = (
				CDC122F428D45AB8003790E3 /* CustomSection.swift in Sources */,
				CD33B80827DCE3A70032987B /* AppDelegate.swift in Sources */,
				CDDD973828AD1EA3001942B0 /* StringRawCell.swift in Sources */,
				CD33B83127DD05650032987B /* PrefetchViewController.swift in Sources */,
				CD33B82C27DCEBB40032987B /* ColorBlockCell.swift in Sources */,
				CD33B80A27DCE3A70032987B /* SceneDelegate.swift in Sources */,
				CD5A7AF02823BF1D00337098 /* ReusableView.swift in Sources */,
				CD5A7AE9282394AA00337098 /* DecorationViewController.swift in Sources */,
				CD3ABCC028A7D5CE006BD03D /* RegistrationViewController.swift in Sources */,
				CD8A33FB27DF2583007846E6 /* MultiSectionViewController.swift in Sources */,
				CD33B82A27DCEB620032987B /* SingleTypeViewController.swift in Sources */,
				CD33B82827DCE6640032987B /* HomeController.swift in Sources */,
				CDDD973A28AD1ED6001942B0 /* StringCell.swift in Sources */,
			);
			runOnlyForDeploymentPostprocessing = 0;
		};
/* End PBXSourcesBuildPhase section */

/* Begin PBXVariantGroup section */
		CD33B80D27DCE3A70032987B /* Main.storyboard */ = {
			isa = PBXVariantGroup;
			children = (
				CD33B80E27DCE3A70032987B /* Base */,
			);
			name = Main.storyboard;
			sourceTree = "<group>";
		};
		CD33B81227DCE3A80032987B /* LaunchScreen.storyboard */ = {
			isa = PBXVariantGroup;
			children = (
				CD33B81327DCE3A80032987B /* Base */,
			);
			name = LaunchScreen.storyboard;
			sourceTree = "<group>";
		};
/* End PBXVariantGroup section */

/* Begin XCBuildConfiguration section */
		CD33B81627DCE3A80032987B /* Debug */ = {
			isa = XCBuildConfiguration;
			buildSettings = {
				ALWAYS_SEARCH_USER_PATHS = NO;
				CLANG_ANALYZER_NONNULL = YES;
				CLANG_ANALYZER_NUMBER_OBJECT_CONVERSION = YES_AGGRESSIVE;
				CLANG_CXX_LANGUAGE_STANDARD = "gnu++17";
				CLANG_ENABLE_MODULES = YES;
				CLANG_ENABLE_OBJC_ARC = YES;
				CLANG_ENABLE_OBJC_WEAK = YES;
				CLANG_WARN_BLOCK_CAPTURE_AUTORELEASING = YES;
				CLANG_WARN_BOOL_CONVERSION = YES;
				CLANG_WARN_COMMA = YES;
				CLANG_WARN_CONSTANT_CONVERSION = YES;
				CLANG_WARN_DEPRECATED_OBJC_IMPLEMENTATIONS = YES;
				CLANG_WARN_DIRECT_OBJC_ISA_USAGE = YES_ERROR;
				CLANG_WARN_DOCUMENTATION_COMMENTS = YES;
				CLANG_WARN_EMPTY_BODY = YES;
				CLANG_WARN_ENUM_CONVERSION = YES;
				CLANG_WARN_INFINITE_RECURSION = YES;
				CLANG_WARN_INT_CONVERSION = YES;
				CLANG_WARN_NON_LITERAL_NULL_CONVERSION = YES;
				CLANG_WARN_OBJC_IMPLICIT_RETAIN_SELF = YES;
				CLANG_WARN_OBJC_LITERAL_CONVERSION = YES;
				CLANG_WARN_OBJC_ROOT_CLASS = YES_ERROR;
				CLANG_WARN_QUOTED_INCLUDE_IN_FRAMEWORK_HEADER = YES;
				CLANG_WARN_RANGE_LOOP_ANALYSIS = YES;
				CLANG_WARN_STRICT_PROTOTYPES = YES;
				CLANG_WARN_SUSPICIOUS_MOVE = YES;
				CLANG_WARN_UNGUARDED_AVAILABILITY = YES_AGGRESSIVE;
				CLANG_WARN_UNREACHABLE_CODE = YES;
				CLANG_WARN__DUPLICATE_METHOD_MATCH = YES;
				COPY_PHASE_STRIP = NO;
				DEBUG_INFORMATION_FORMAT = dwarf;
				ENABLE_STRICT_OBJC_MSGSEND = YES;
				ENABLE_TESTABILITY = YES;
				GCC_C_LANGUAGE_STANDARD = gnu11;
				GCC_DYNAMIC_NO_PIC = NO;
				GCC_NO_COMMON_BLOCKS = YES;
				GCC_OPTIMIZATION_LEVEL = 0;
				GCC_PREPROCESSOR_DEFINITIONS = (
					"DEBUG=1",
					"$(inherited)",
				);
				GCC_WARN_64_TO_32_BIT_CONVERSION = YES;
				GCC_WARN_ABOUT_RETURN_TYPE = YES_ERROR;
				GCC_WARN_UNDECLARED_SELECTOR = YES;
				GCC_WARN_UNINITIALIZED_AUTOS = YES_AGGRESSIVE;
				GCC_WARN_UNUSED_FUNCTION = YES;
				GCC_WARN_UNUSED_VARIABLE = YES;
				IPHONEOS_DEPLOYMENT_TARGET = 15.4;
				MTL_ENABLE_DEBUG_INFO = INCLUDE_SOURCE;
				MTL_FAST_MATH = YES;
				ONLY_ACTIVE_ARCH = YES;
				SDKROOT = iphoneos;
				SWIFT_ACTIVE_COMPILATION_CONDITIONS = DEBUG;
				SWIFT_OPTIMIZATION_LEVEL = "-Onone";
			};
			name = Debug;
		};
		CD33B81727DCE3A80032987B /* Release */ = {
			isa = XCBuildConfiguration;
			buildSettings = {
				ALWAYS_SEARCH_USER_PATHS = NO;
				CLANG_ANALYZER_NONNULL = YES;
				CLANG_ANALYZER_NUMBER_OBJECT_CONVERSION = YES_AGGRESSIVE;
				CLANG_CXX_LANGUAGE_STANDARD = "gnu++17";
				CLANG_ENABLE_MODULES = YES;
				CLANG_ENABLE_OBJC_ARC = YES;
				CLANG_ENABLE_OBJC_WEAK = YES;
				CLANG_WARN_BLOCK_CAPTURE_AUTORELEASING = YES;
				CLANG_WARN_BOOL_CONVERSION = YES;
				CLANG_WARN_COMMA = YES;
				CLANG_WARN_CONSTANT_CONVERSION = YES;
				CLANG_WARN_DEPRECATED_OBJC_IMPLEMENTATIONS = YES;
				CLANG_WARN_DIRECT_OBJC_ISA_USAGE = YES_ERROR;
				CLANG_WARN_DOCUMENTATION_COMMENTS = YES;
				CLANG_WARN_EMPTY_BODY = YES;
				CLANG_WARN_ENUM_CONVERSION = YES;
				CLANG_WARN_INFINITE_RECURSION = YES;
				CLANG_WARN_INT_CONVERSION = YES;
				CLANG_WARN_NON_LITERAL_NULL_CONVERSION = YES;
				CLANG_WARN_OBJC_IMPLICIT_RETAIN_SELF = YES;
				CLANG_WARN_OBJC_LITERAL_CONVERSION = YES;
				CLANG_WARN_OBJC_ROOT_CLASS = YES_ERROR;
				CLANG_WARN_QUOTED_INCLUDE_IN_FRAMEWORK_HEADER = YES;
				CLANG_WARN_RANGE_LOOP_ANALYSIS = YES;
				CLANG_WARN_STRICT_PROTOTYPES = YES;
				CLANG_WARN_SUSPICIOUS_MOVE = YES;
				CLANG_WARN_UNGUARDED_AVAILABILITY = YES_AGGRESSIVE;
				CLANG_WARN_UNREACHABLE_CODE = YES;
				CLANG_WARN__DUPLICATE_METHOD_MATCH = YES;
				COPY_PHASE_STRIP = NO;
				DEBUG_INFORMATION_FORMAT = "dwarf-with-dsym";
				ENABLE_NS_ASSERTIONS = NO;
				ENABLE_STRICT_OBJC_MSGSEND = YES;
				GCC_C_LANGUAGE_STANDARD = gnu11;
				GCC_NO_COMMON_BLOCKS = YES;
				GCC_WARN_64_TO_32_BIT_CONVERSION = YES;
				GCC_WARN_ABOUT_RETURN_TYPE = YES_ERROR;
				GCC_WARN_UNDECLARED_SELECTOR = YES;
				GCC_WARN_UNINITIALIZED_AUTOS = YES_AGGRESSIVE;
				GCC_WARN_UNUSED_FUNCTION = YES;
				GCC_WARN_UNUSED_VARIABLE = YES;
				IPHONEOS_DEPLOYMENT_TARGET = 15.4;
				MTL_ENABLE_DEBUG_INFO = NO;
				MTL_FAST_MATH = YES;
				SDKROOT = iphoneos;
				SWIFT_COMPILATION_MODE = wholemodule;
				SWIFT_OPTIMIZATION_LEVEL = "-O";
				VALIDATE_PRODUCT = YES;
			};
			name = Release;
		};
		CD33B81927DCE3A80032987B /* Debug */ = {
			isa = XCBuildConfiguration;
			baseConfigurationReference = 3F561E92DD0E01D327B078F2 /* Pods-Example.debug.xcconfig */;
			buildSettings = {
				ASSETCATALOG_COMPILER_APPICON_NAME = AppIcon;
				ASSETCATALOG_COMPILER_GLOBAL_ACCENT_COLOR_NAME = AccentColor;
				CODE_SIGN_IDENTITY = "Apple Development";
				CODE_SIGN_STYLE = Automatic;
				CURRENT_PROJECT_VERSION = 1;
				DEVELOPMENT_TEAM = Q5CT3J7RAS;
				GENERATE_INFOPLIST_FILE = YES;
				INFOPLIST_FILE = Example/Info.plist;
				INFOPLIST_KEY_UIApplicationSupportsIndirectInputEvents = YES;
				INFOPLIST_KEY_UILaunchStoryboardName = LaunchScreen;
				INFOPLIST_KEY_UIMainStoryboardFile = Main;
				INFOPLIST_KEY_UISupportedInterfaceOrientations_iPad = "UIInterfaceOrientationPortrait UIInterfaceOrientationPortraitUpsideDown UIInterfaceOrientationLandscapeLeft UIInterfaceOrientationLandscapeRight";
				INFOPLIST_KEY_UISupportedInterfaceOrientations_iPhone = "UIInterfaceOrientationPortrait UIInterfaceOrientationLandscapeLeft UIInterfaceOrientationLandscapeRight";
				LD_RUNPATH_SEARCH_PATHS = (
					"$(inherited)",
					"@executable_path/Frameworks",
				);
				MARKETING_VERSION = 1.0;
				PRODUCT_BUNDLE_IDENTIFIER = ark.linhey.cn.Example;
				PRODUCT_NAME = "$(TARGET_NAME)";
				PROVISIONING_PROFILE_SPECIFIER = "";
				SWIFT_EMIT_LOC_STRINGS = YES;
				SWIFT_VERSION = 5.0;
				TARGETED_DEVICE_FAMILY = "1,2";
			};
			name = Debug;
		};
		CD33B81A27DCE3A80032987B /* Release */ = {
			isa = XCBuildConfiguration;
			baseConfigurationReference = B03892433E03BCE14B3E6233 /* Pods-Example.release.xcconfig */;
			buildSettings = {
				ASSETCATALOG_COMPILER_APPICON_NAME = AppIcon;
				ASSETCATALOG_COMPILER_GLOBAL_ACCENT_COLOR_NAME = AccentColor;
				CODE_SIGN_IDENTITY = "Apple Development";
				CODE_SIGN_STYLE = Automatic;
				CURRENT_PROJECT_VERSION = 1;
				DEVELOPMENT_TEAM = Q5CT3J7RAS;
				GENERATE_INFOPLIST_FILE = YES;
				INFOPLIST_FILE = Example/Info.plist;
				INFOPLIST_KEY_UIApplicationSupportsIndirectInputEvents = YES;
				INFOPLIST_KEY_UILaunchStoryboardName = LaunchScreen;
				INFOPLIST_KEY_UIMainStoryboardFile = Main;
				INFOPLIST_KEY_UISupportedInterfaceOrientations_iPad = "UIInterfaceOrientationPortrait UIInterfaceOrientationPortraitUpsideDown UIInterfaceOrientationLandscapeLeft UIInterfaceOrientationLandscapeRight";
				INFOPLIST_KEY_UISupportedInterfaceOrientations_iPhone = "UIInterfaceOrientationPortrait UIInterfaceOrientationLandscapeLeft UIInterfaceOrientationLandscapeRight";
				LD_RUNPATH_SEARCH_PATHS = (
					"$(inherited)",
					"@executable_path/Frameworks",
				);
				MARKETING_VERSION = 1.0;
				PRODUCT_BUNDLE_IDENTIFIER = ark.linhey.cn.Example;
				PRODUCT_NAME = "$(TARGET_NAME)";
				PROVISIONING_PROFILE_SPECIFIER = "";
				SWIFT_EMIT_LOC_STRINGS = YES;
				SWIFT_VERSION = 5.0;
				TARGETED_DEVICE_FAMILY = "1,2";
			};
			name = Release;
		};
/* End XCBuildConfiguration section */

/* Begin XCConfigurationList section */
		CD33B7FF27DCE3A70032987B /* Build configuration list for PBXProject "Example" */ = {
			isa = XCConfigurationList;
			buildConfigurations = (
				CD33B81627DCE3A80032987B /* Debug */,
				CD33B81727DCE3A80032987B /* Release */,
			);
			defaultConfigurationIsVisible = 0;
			defaultConfigurationName = Release;
		};
		CD33B81827DCE3A80032987B /* Build configuration list for PBXNativeTarget "Example" */ = {
			isa = XCConfigurationList;
			buildConfigurations = (
				CD33B81927DCE3A80032987B /* Debug */,
				CD33B81A27DCE3A80032987B /* Release */,
			);
			defaultConfigurationIsVisible = 0;
			defaultConfigurationName = Release;
		};
/* End XCConfigurationList section */

/* Begin XCRemoteSwiftPackageReference section */
		CD06219F28A7FBD200272233 /* XCRemoteSwiftPackageReference "Stem.git" */ = {
			isa = XCRemoteSwiftPackageReference;
			repositoryURL = "https://github.com/linhay/Stem.git";
			requirement = {
				kind = upToNextMinorVersion;
				minimumVersion = 1.1.2;
			};
		};
		CD33B82427DCE6190032987B /* XCRemoteSwiftPackageReference "SnapKit" */ = {
			isa = XCRemoteSwiftPackageReference;
			repositoryURL = "https://github.com/SnapKit/SnapKit";
			requirement = {
				kind = upToNextMajorVersion;
				minimumVersion = 5.0.0;
			};
		};
		CDA10DEC28B4A90C000698F2 /* XCRemoteSwiftPackageReference "Delegate" */ = {
			isa = XCRemoteSwiftPackageReference;
			repositoryURL = "https://github.com/onevcat/Delegate";
			requirement = {
				kind = upToNextMajorVersion;
				minimumVersion = 1.0.0;
			};
		};
/* End XCRemoteSwiftPackageReference section */

/* Begin XCSwiftPackageProductDependency section */
		CD0621A028A7FBD200272233 /* Stem */ = {
			isa = XCSwiftPackageProductDependency;
			package = CD06219F28A7FBD200272233 /* XCRemoteSwiftPackageReference "Stem.git" */;
			productName = Stem;
		};
		CD0621A228A7FBD200272233 /* StemColor */ = {
			isa = XCSwiftPackageProductDependency;
			package = CD06219F28A7FBD200272233 /* XCRemoteSwiftPackageReference "Stem.git" */;
			productName = StemColor;
		};
		CD0621A428A7FBD200272233 /* StemFilePath */ = {
			isa = XCSwiftPackageProductDependency;
			package = CD06219F28A7FBD200272233 /* XCRemoteSwiftPackageReference "Stem.git" */;
			productName = StemFilePath;
		};
		CD33B82527DCE6190032987B /* SnapKit */ = {
			isa = XCSwiftPackageProductDependency;
			package = CD33B82427DCE6190032987B /* XCRemoteSwiftPackageReference "SnapKit" */;
			productName = SnapKit;
		};
		CDA10DED28B4A90C000698F2 /* Delegate */ = {
			isa = XCSwiftPackageProductDependency;
			package = CDA10DEC28B4A90C000698F2 /* XCRemoteSwiftPackageReference "Delegate" */;
			productName = Delegate;
		};
/* End XCSwiftPackageProductDependency section */
	};
	rootObject = CD33B7FC27DCE3A70032987B /* Project object */;
}
