// !$*UTF8*$!
{
	archiveVersion = 1;
	classes = {
	};
	objectVersion = 55;
	objects = {

/* Begin PBXBuildFile section */
		CD33B80827DCE3A70032987B /* AppDelegate.swift in Sources */ = {isa = PBXBuildFile; fileRef = CD33B80727DCE3A70032987B /* AppDelegate.swift */; };
		CD33B80A27DCE3A70032987B /* SceneDelegate.swift in Sources */ = {isa = PBXBuildFile; fileRef = CD33B80927DCE3A70032987B /* SceneDelegate.swift */; };
		CD33B80F27DCE3A70032987B /* Main.storyboard in Resources */ = {isa = PBXBuildFile; fileRef = CD33B80D27DCE3A70032987B /* Main.storyboard */; };
		CD33B81427DCE3A80032987B /* LaunchScreen.storyboard in Resources */ = {isa = PBXBuildFile; fileRef = CD33B81227DCE3A80032987B /* LaunchScreen.storyboard */; };
		CD33B81F27DCE3F30032987B /* SectionKit in Frameworks */ = {isa = PBXBuildFile; productRef = CD33B81E27DCE3F30032987B /* SectionKit */; };
		CD33B82327DCE4350032987B /* HomeIndexCell.swift in Sources */ = {isa = PBXBuildFile; fileRef = CD33B82227DCE4350032987B /* HomeIndexCell.swift */; };
		CD33B82627DCE6190032987B /* SnapKit in Frameworks */ = {isa = PBXBuildFile; productRef = CD33B82527DCE6190032987B /* SnapKit */; };
		CD33B82827DCE6640032987B /* HomeController.swift in Sources */ = {isa = PBXBuildFile; fileRef = CD33B82727DCE6640032987B /* HomeController.swift */; };
		CD33B82A27DCEB620032987B /* SingleTypeSectionViewController.swift in Sources */ = {isa = PBXBuildFile; fileRef = CD33B82927DCEB620032987B /* SingleTypeSectionViewController.swift */; };
		CD33B82C27DCEBB40032987B /* ColorBlockCell.swift in Sources */ = {isa = PBXBuildFile; fileRef = CD33B82B27DCEBB40032987B /* ColorBlockCell.swift */; };
		CD33B82F27DCEC480032987B /* Stem in Frameworks */ = {isa = PBXBuildFile; productRef = CD33B82E27DCEC480032987B /* Stem */; };
/* End PBXBuildFile section */

/* Begin PBXFileReference section */
		CD33B80427DCE3A70032987B /* Example.app */ = {isa = PBXFileReference; explicitFileType = wrapper.application; includeInIndex = 0; path = Example.app; sourceTree = BUILT_PRODUCTS_DIR; };
		CD33B80727DCE3A70032987B /* AppDelegate.swift */ = {isa = PBXFileReference; lastKnownFileType = sourcecode.swift; path = AppDelegate.swift; sourceTree = "<group>"; };
		CD33B80927DCE3A70032987B /* SceneDelegate.swift */ = {isa = PBXFileReference; lastKnownFileType = sourcecode.swift; path = SceneDelegate.swift; sourceTree = "<group>"; };
		CD33B80E27DCE3A70032987B /* Base */ = {isa = PBXFileReference; lastKnownFileType = file.storyboard; name = Base; path = Base.lproj/Main.storyboard; sourceTree = "<group>"; };
		CD33B81327DCE3A80032987B /* Base */ = {isa = PBXFileReference; lastKnownFileType = file.storyboard; name = Base; path = Base.lproj/LaunchScreen.storyboard; sourceTree = "<group>"; };
		CD33B81527DCE3A80032987B /* Info.plist */ = {isa = PBXFileReference; lastKnownFileType = text.plist.xml; path = Info.plist; sourceTree = "<group>"; };
		CD33B81C27DCE3B70032987B /* SectionKit */ = {isa = PBXFileReference; lastKnownFileType = wrapper; name = SectionKit; path = ..; sourceTree = "<group>"; };
		CD33B82227DCE4350032987B /* HomeIndexCell.swift */ = {isa = PBXFileReference; lastKnownFileType = sourcecode.swift; path = HomeIndexCell.swift; sourceTree = "<group>"; };
		CD33B82727DCE6640032987B /* HomeController.swift */ = {isa = PBXFileReference; fileEncoding = 4; lastKnownFileType = sourcecode.swift; path = HomeController.swift; sourceTree = "<group>"; };
		CD33B82927DCEB620032987B /* SingleTypeSectionViewController.swift */ = {isa = PBXFileReference; lastKnownFileType = sourcecode.swift; path = SingleTypeSectionViewController.swift; sourceTree = "<group>"; };
		CD33B82B27DCEBB40032987B /* ColorBlockCell.swift */ = {isa = PBXFileReference; lastKnownFileType = sourcecode.swift; path = ColorBlockCell.swift; sourceTree = "<group>"; };
/* End PBXFileReference section */

/* Begin PBXFrameworksBuildPhase section */
		CD33B80127DCE3A70032987B /* Frameworks */ = {
			isa = PBXFrameworksBuildPhase;
			buildActionMask = 2147483647;
			files = (
				CD33B81F27DCE3F30032987B /* SectionKit in Frameworks */,
				CD33B82F27DCEC480032987B /* Stem in Frameworks */,
				CD33B82627DCE6190032987B /* SnapKit in Frameworks */,
			);
			runOnlyForDeploymentPostprocessing = 0;
		};
/* End PBXFrameworksBuildPhase section */

/* Begin PBXGroup section */
		CD33B7FB27DCE3A70032987B = {
			isa = PBXGroup;
			children = (
				CD33B81B27DCE3B70032987B /* Packages */,
				CD33B80627DCE3A70032987B /* Example */,
				CD33B80527DCE3A70032987B /* Products */,
				CD33B81D27DCE3F30032987B /* Frameworks */,
			);
			sourceTree = "<group>";
		};
		CD33B80527DCE3A70032987B /* Products */ = {
			isa = PBXGroup;
			children = (
				CD33B80427DCE3A70032987B /* Example.app */,
			);
			name = Products;
			sourceTree = "<group>";
		};
		CD33B80627DCE3A70032987B /* Example */ = {
			isa = PBXGroup;
			children = (
				CD33B82027DCE40A0032987B /* Home */,
				CD33B80727DCE3A70032987B /* AppDelegate.swift */,
				CD33B80927DCE3A70032987B /* SceneDelegate.swift */,
				CD33B80D27DCE3A70032987B /* Main.storyboard */,
				CD33B81227DCE3A80032987B /* LaunchScreen.storyboard */,
				CD33B81527DCE3A80032987B /* Info.plist */,
			);
			path = Example;
			sourceTree = "<group>";
		};
		CD33B81B27DCE3B70032987B /* Packages */ = {
			isa = PBXGroup;
			children = (
				CD33B81C27DCE3B70032987B /* SectionKit */,
			);
			name = Packages;
			sourceTree = "<group>";
		};
		CD33B81D27DCE3F30032987B /* Frameworks */ = {
			isa = PBXGroup;
			children = (
			);
			name = Frameworks;
			sourceTree = "<group>";
		};
		CD33B82027DCE40A0032987B /* Home */ = {
			isa = PBXGroup;
			children = (
				CD33B82727DCE6640032987B /* HomeController.swift */,
				CD33B82927DCEB620032987B /* SingleTypeSectionViewController.swift */,
				CD33B82227DCE4350032987B /* HomeIndexCell.swift */,
				CD33B82B27DCEBB40032987B /* ColorBlockCell.swift */,
			);
			path = Home;
			sourceTree = "<group>";
		};
/* End PBXGroup section */

/* Begin PBXNativeTarget section */
		CD33B80327DCE3A70032987B /* Example */ = {
			isa = PBXNativeTarget;
			buildConfigurationList = CD33B81827DCE3A80032987B /* Build configuration list for PBXNativeTarget "Example" */;
			buildPhases = (
				CD33B80027DCE3A70032987B /* Sources */,
				CD33B80127DCE3A70032987B /* Frameworks */,
				CD33B80227DCE3A70032987B /* Resources */,
			);
			buildRules = (
			);
			dependencies = (
			);
			name = Example;
			packageProductDependencies = (
				CD33B81E27DCE3F30032987B /* SectionKit */,
				CD33B82527DCE6190032987B /* SnapKit */,
				CD33B82E27DCEC480032987B /* Stem */,
			);
			productName = Example;
			productReference = CD33B80427DCE3A70032987B /* Example.app */;
			productType = "com.apple.product-type.application";
		};
/* End PBXNativeTarget section */

/* Begin PBXProject section */
		CD33B7FC27DCE3A70032987B /* Project object */ = {
			isa = PBXProject;
			attributes = {
				BuildIndependentTargetsInParallel = 1;
				LastSwiftUpdateCheck = 1330;
				LastUpgradeCheck = 1330;
				TargetAttributes = {
					CD33B80327DCE3A70032987B = {
						CreatedOnToolsVersion = 13.3;
					};
				};
			};
			buildConfigurationList = CD33B7FF27DCE3A70032987B /* Build configuration list for PBXProject "Example" */;
			compatibilityVersion = "Xcode 13.0";
			developmentRegion = en;
			hasScannedForEncodings = 0;
			knownRegions = (
				en,
				Base,
			);
			mainGroup = CD33B7FB27DCE3A70032987B;
			packageReferences = (
				CD33B82427DCE6190032987B /* XCRemoteSwiftPackageReference "SnapKit" */,
				CD33B82D27DCEC480032987B /* XCRemoteSwiftPackageReference "Stem" */,
			);
			productRefGroup = CD33B80527DCE3A70032987B /* Products */;
			projectDirPath = "";
			projectRoot = "";
			targets = (
				CD33B80327DCE3A70032987B /* Example */,
			);
		};
/* End PBXProject section */

/* Begin PBXResourcesBuildPhase section */
		CD33B80227DCE3A70032987B /* Resources */ = {
			isa = PBXResourcesBuildPhase;
			buildActionMask = 2147483647;
			files = (
				CD33B81427DCE3A80032987B /* LaunchScreen.storyboard in Resources */,
				CD33B80F27DCE3A70032987B /* Main.storyboard in Resources */,
			);
			runOnlyForDeploymentPostprocessing = 0;
		};
/* End PBXResourcesBuildPhase section */

/* Begin PBXSourcesBuildPhase section */
		CD33B80027DCE3A70032987B /* Sources */ = {
			isa = PBXSourcesBuildPhase;
			buildActionMask = 2147483647;
			files = (
				CD33B80827DCE3A70032987B /* AppDelegate.swift in Sources */,
				CD33B82C27DCEBB40032987B /* ColorBlockCell.swift in Sources */,
				CD33B80A27DCE3A70032987B /* SceneDelegate.swift in Sources */,
				CD33B82327DCE4350032987B /* HomeIndexCell.swift in Sources */,
				CD33B82A27DCEB620032987B /* SingleTypeSectionViewController.swift in Sources */,
				CD33B82827DCE6640032987B /* HomeController.swift in Sources */,
			);
			runOnlyForDeploymentPostprocessing = 0;
		};
/* End PBXSourcesBuildPhase section */

/* Begin PBXVariantGroup section */
		CD33B80D27DCE3A70032987B /* Main.storyboard */ = {
			isa = PBXVariantGroup;
			children = (
				CD33B80E27DCE3A70032987B /* Base */,
			);
			name = Main.storyboard;
			sourceTree = "<group>";
		};
		CD33B81227DCE3A80032987B /* LaunchScreen.storyboard */ = {
			isa = PBXVariantGroup;
			children = (
				CD33B81327DCE3A80032987B /* Base */,
			);
			name = LaunchScreen.storyboard;
			sourceTree = "<group>";
		};
/* End PBXVariantGroup section */

/* Begin XCBuildConfiguration section */
		CD33B81627DCE3A80032987B /* Debug */ = {
			isa = XCBuildConfiguration;
			buildSettings = {
				ALWAYS_SEARCH_USER_PATHS = NO;
				CLANG_ANALYZER_NONNULL = YES;
				CLANG_ANALYZER_NUMBER_OBJECT_CONVERSION = YES_AGGRESSIVE;
				CLANG_CXX_LANGUAGE_STANDARD = "gnu++17";
				CLANG_ENABLE_MODULES = YES;
				CLANG_ENABLE_OBJC_ARC = YES;
				CLANG_ENABLE_OBJC_WEAK = YES;
				CLANG_WARN_BLOCK_CAPTURE_AUTORELEASING = YES;
				CLANG_WARN_BOOL_CONVERSION = YES;
				CLANG_WARN_COMMA = YES;
				CLANG_WARN_CONSTANT_CONVERSION = YES;
				CLANG_WARN_DEPRECATED_OBJC_IMPLEMENTATIONS = YES;
				CLANG_WARN_DIRECT_OBJC_ISA_USAGE = YES_ERROR;
				CLANG_WARN_DOCUMENTATION_COMMENTS = YES;
				CLANG_WARN_EMPTY_BODY = YES;
				CLANG_WARN_ENUM_CONVERSION = YES;
				CLANG_WARN_INFINITE_RECURSION = YES;
				CLANG_WARN_INT_CONVERSION = YES;
				CLANG_WARN_NON_LITERAL_NULL_CONVERSION = YES;
				CLANG_WARN_OBJC_IMPLICIT_RETAIN_SELF = YES;
				CLANG_WARN_OBJC_LITERAL_CONVERSION = YES;
				CLANG_WARN_OBJC_ROOT_CLASS = YES_ERROR;
				CLANG_WARN_QUOTED_INCLUDE_IN_FRAMEWORK_HEADER = YES;
				CLANG_WARN_RANGE_LOOP_ANALYSIS = YES;
				CLANG_WARN_STRICT_PROTOTYPES = YES;
				CLANG_WARN_SUSPICIOUS_MOVE = YES;
				CLANG_WARN_UNGUARDED_AVAILABILITY = YES_AGGRESSIVE;
				CLANG_WARN_UNREACHABLE_CODE = YES;
				CLANG_WARN__DUPLICATE_METHOD_MATCH = YES;
				COPY_PHASE_STRIP = NO;
				DEBUG_INFORMATION_FORMAT = dwarf;
				ENABLE_STRICT_OBJC_MSGSEND = YES;
				ENABLE_TESTABILITY = YES;
				GCC_C_LANGUAGE_STANDARD = gnu11;
				GCC_DYNAMIC_NO_PIC = NO;
				GCC_NO_COMMON_BLOCKS = YES;
				GCC_OPTIMIZATION_LEVEL = 0;
				GCC_PREPROCESSOR_DEFINITIONS = (
					"DEBUG=1",
					"$(inherited)",
				);
				GCC_WARN_64_TO_32_BIT_CONVERSION = YES;
				GCC_WARN_ABOUT_RETURN_TYPE = YES_ERROR;
				GCC_WARN_UNDECLARED_SELECTOR = YES;
				GCC_WARN_UNINITIALIZED_AUTOS = YES_AGGRESSIVE;
				GCC_WARN_UNUSED_FUNCTION = YES;
				GCC_WARN_UNUSED_VARIABLE = YES;
				IPHONEOS_DEPLOYMENT_TARGET = 15.4;
				MTL_ENABLE_DEBUG_INFO = INCLUDE_SOURCE;
				MTL_FAST_MATH = YES;
				ONLY_ACTIVE_ARCH = YES;
				SDKROOT = iphoneos;
				SWIFT_ACTIVE_COMPILATION_CONDITIONS = DEBUG;
				SWIFT_OPTIMIZATION_LEVEL = "-Onone";
			};
			name = Debug;
		};
		CD33B81727DCE3A80032987B /* Release */ = {
			isa = XCBuildConfiguration;
			buildSettings = {
				ALWAYS_SEARCH_USER_PATHS = NO;
				CLANG_ANALYZER_NONNULL = YES;
				CLANG_ANALYZER_NUMBER_OBJECT_CONVERSION = YES_AGGRESSIVE;
				CLANG_CXX_LANGUAGE_STANDARD = "gnu++17";
				CLANG_ENABLE_MODULES = YES;
				CLANG_ENABLE_OBJC_ARC = YES;
				CLANG_ENABLE_OBJC_WEAK = YES;
				CLANG_WARN_BLOCK_CAPTURE_AUTORELEASING = YES;
				CLANG_WARN_BOOL_CONVERSION = YES;
				CLANG_WARN_COMMA = YES;
				CLANG_WARN_CONSTANT_CONVERSION = YES;
				CLANG_WARN_DEPRECATED_OBJC_IMPLEMENTATIONS = YES;
				CLANG_WARN_DIRECT_OBJC_ISA_USAGE = YES_ERROR;
				CLANG_WARN_DOCUMENTATION_COMMENTS = YES;
				CLANG_WARN_EMPTY_BODY = YES;
				CLANG_WARN_ENUM_CONVERSION = YES;
				CLANG_WARN_INFINITE_RECURSION = YES;
				CLANG_WARN_INT_CONVERSION = YES;
				CLANG_WARN_NON_LITERAL_NULL_CONVERSION = YES;
				CLANG_WARN_OBJC_IMPLICIT_RETAIN_SELF = YES;
				CLANG_WARN_OBJC_LITERAL_CONVERSION = YES;
				CLANG_WARN_OBJC_ROOT_CLASS = YES_ERROR;
				CLANG_WARN_QUOTED_INCLUDE_IN_FRAMEWORK_HEADER = YES;
				CLANG_WARN_RANGE_LOOP_ANALYSIS = YES;
				CLANG_WARN_STRICT_PROTOTYPES = YES;
				CLANG_WARN_SUSPICIOUS_MOVE = YES;
				CLANG_WARN_UNGUARDED_AVAILABILITY = YES_AGGRESSIVE;
				CLANG_WARN_UNREACHABLE_CODE = YES;
				CLANG_WARN__DUPLICATE_METHOD_MATCH = YES;
				COPY_PHASE_STRIP = NO;
				DEBUG_INFORMATION_FORMAT = "dwarf-with-dsym";
				ENABLE_NS_ASSERTIONS = NO;
				ENABLE_STRICT_OBJC_MSGSEND = YES;
				GCC_C_LANGUAGE_STANDARD = gnu11;
				GCC_NO_COMMON_BLOCKS = YES;
				GCC_WARN_64_TO_32_BIT_CONVERSION = YES;
				GCC_WARN_ABOUT_RETURN_TYPE = YES_ERROR;
				GCC_WARN_UNDECLARED_SELECTOR = YES;
				GCC_WARN_UNINITIALIZED_AUTOS = YES_AGGRESSIVE;
				GCC_WARN_UNUSED_FUNCTION = YES;
				GCC_WARN_UNUSED_VARIABLE = YES;
				IPHONEOS_DEPLOYMENT_TARGET = 15.4;
				MTL_ENABLE_DEBUG_INFO = NO;
				MTL_FAST_MATH = YES;
				SDKROOT = iphoneos;
				SWIFT_COMPILATION_MODE = wholemodule;
				SWIFT_OPTIMIZATION_LEVEL = "-O";
				VALIDATE_PRODUCT = YES;
			};
			name = Release;
		};
		CD33B81927DCE3A80032987B /* Debug */ = {
			isa = XCBuildConfiguration;
			buildSettings = {
				ASSETCATALOG_COMPILER_APPICON_NAME = AppIcon;
				ASSETCATALOG_COMPILER_GLOBAL_ACCENT_COLOR_NAME = AccentColor;
				CODE_SIGN_STYLE = Automatic;
				CURRENT_PROJECT_VERSION = 1;
				GENERATE_INFOPLIST_FILE = YES;
				INFOPLIST_FILE = Example/Info.plist;
				INFOPLIST_KEY_UIApplicationSupportsIndirectInputEvents = YES;
				INFOPLIST_KEY_UILaunchStoryboardName = LaunchScreen;
				INFOPLIST_KEY_UIMainStoryboardFile = Main;
				INFOPLIST_KEY_UISupportedInterfaceOrientations_iPad = "UIInterfaceOrientationPortrait UIInterfaceOrientationPortraitUpsideDown UIInterfaceOrientationLandscapeLeft UIInterfaceOrientationLandscapeRight";
				INFOPLIST_KEY_UISupportedInterfaceOrientations_iPhone = "UIInterfaceOrientationPortrait UIInterfaceOrientationLandscapeLeft UIInterfaceOrientationLandscapeRight";
				LD_RUNPATH_SEARCH_PATHS = (
					"$(inherited)",
					"@executable_path/Frameworks",
				);
				MARKETING_VERSION = 1.0;
				PRODUCT_BUNDLE_IDENTIFIER = ark.linhey.cn.Example;
				PRODUCT_NAME = "$(TARGET_NAME)";
				SWIFT_EMIT_LOC_STRINGS = YES;
				SWIFT_VERSION = 5.0;
				TARGETED_DEVICE_FAMILY = "1,2";
			};
			name = Debug;
		};
		CD33B81A27DCE3A80032987B /* Release */ = {
			isa = XCBuildConfiguration;
			buildSettings = {
				ASSETCATALOG_COMPILER_APPICON_NAME = AppIcon;
				ASSETCATALOG_COMPILER_GLOBAL_ACCENT_COLOR_NAME = AccentColor;
				CODE_SIGN_STYLE = Automatic;
				CURRENT_PROJECT_VERSION = 1;
				GENERATE_INFOPLIST_FILE = YES;
				INFOPLIST_FILE = Example/Info.plist;
				INFOPLIST_KEY_UIApplicationSupportsIndirectInputEvents = YES;
				INFOPLIST_KEY_UILaunchStoryboardName = LaunchScreen;
				INFOPLIST_KEY_UIMainStoryboardFile = Main;
				INFOPLIST_KEY_UISupportedInterfaceOrientations_iPad = "UIInterfaceOrientationPortrait UIInterfaceOrientationPortraitUpsideDown UIInterfaceOrientationLandscapeLeft UIInterfaceOrientationLandscapeRight";
				INFOPLIST_KEY_UISupportedInterfaceOrientations_iPhone = "UIInterfaceOrientationPortrait UIInterfaceOrientationLandscapeLeft UIInterfaceOrientationLandscapeRight";
				LD_RUNPATH_SEARCH_PATHS = (
					"$(inherited)",
					"@executable_path/Frameworks",
				);
				MARKETING_VERSION = 1.0;
				PRODUCT_BUNDLE_IDENTIFIER = ark.linhey.cn.Example;
				PRODUCT_NAME = "$(TARGET_NAME)";
				SWIFT_EMIT_LOC_STRINGS = YES;
				SWIFT_VERSION = 5.0;
				TARGETED_DEVICE_FAMILY = "1,2";
			};
			name = Release;
		};
/* End XCBuildConfiguration section */

/* Begin XCConfigurationList section */
		CD33B7FF27DCE3A70032987B /* Build configuration list for PBXProject "Example" */ = {
			isa = XCConfigurationList;
			buildConfigurations = (
				CD33B81627DCE3A80032987B /* Debug */,
				CD33B81727DCE3A80032987B /* Release */,
			);
			defaultConfigurationIsVisible = 0;
			defaultConfigurationName = Release;
		};
		CD33B81827DCE3A80032987B /* Build configuration list for PBXNativeTarget "Example" */ = {
			isa = XCConfigurationList;
			buildConfigurations = (
				CD33B81927DCE3A80032987B /* Debug */,
				CD33B81A27DCE3A80032987B /* Release */,
			);
			defaultConfigurationIsVisible = 0;
			defaultConfigurationName = Release;
		};
/* End XCConfigurationList section */

/* Begin XCRemoteSwiftPackageReference section */
		CD33B82427DCE6190032987B /* XCRemoteSwiftPackageReference "SnapKit" */ = {
			isa = XCRemoteSwiftPackageReference;
			repositoryURL = "https://github.com/SnapKit/SnapKit";
			requirement = {
				kind = upToNextMajorVersion;
				minimumVersion = 5.0.0;
			};
		};
		CD33B82D27DCEC480032987B /* XCRemoteSwiftPackageReference "Stem" */ = {
			isa = XCRemoteSwiftPackageReference;
			repositoryURL = "https://github.com/linhay/Stem.git";
			requirement = {
				kind = upToNextMajorVersion;
				minimumVersion = 1.0.8;
			};
		};
/* End XCRemoteSwiftPackageReference section */

/* Begin XCSwiftPackageProductDependency section */
		CD33B81E27DCE3F30032987B /* SectionKit */ = {
			isa = XCSwiftPackageProductDependency;
			productName = SectionKit;
		};
		CD33B82527DCE6190032987B /* SnapKit */ = {
			isa = XCSwiftPackageProductDependency;
			package = CD33B82427DCE6190032987B /* XCRemoteSwiftPackageReference "SnapKit" */;
			productName = SnapKit;
		};
		CD33B82E27DCEC480032987B /* Stem */ = {
			isa = XCSwiftPackageProductDependency;
			package = CD33B82D27DCEC480032987B /* XCRemoteSwiftPackageReference "Stem" */;
			productName = Stem;
		};
/* End XCSwiftPackageProductDependency section */
	};
	rootObject = CD33B7FC27DCE3A70032987B /* Project object */;
}
