{
  "pins" : [
    {
      "identity" : "snapkit",
      "kind" : "remoteSourceControl",
      "location" : "https://github.com/SnapKit/SnapKit",
      "state" : {
        "revision" : "d458564516e5676af9c70b4f4b2a9178294f1bc6",
        "version" : "5.0.1"
      }
    },
    {
      "identity" : "stem",
      "kind" : "remoteSourceControl",
      "location" : "https://github.com/linhay/Stem.git",
      "state" : {
        "revision" : "c805890142fb0a936cf4a88d268274b0ab770ef3",
        "version" : "1.1.2"
      }
    }
  ],
  "version" : 2
}
