{
  "originHash" : "150dd805ac83f32a8101df4e7da1c99371eab2e67bb6e27d9724cd7372b907aa",
  "pins" : [
    {
      "identity" : "delegate",
      "kind" : "remoteSourceControl",
      "location" : "https://github.com/onevcat/Delegate",
      "state" : {
        "revision" : "499e507f2a68d6e8737f7f6f7c0385596b4398fc",
        "version" : "1.2.0"
      }
    },
    {
      "identity" : "snapkit",
      "kind" : "remoteSourceControl",
      "location" : "https://github.com/SnapKit/SnapKit",
      "state" : {
        "revision" : "d458564516e5676af9c70b4f4b2a9178294f1bc6",
        "version" : "5.0.1"
      }
    }
  ],
  "version" : 3
}
